
Microsoft Visual Studio Solution File, Format Version 12.00
# Visual Studio Version 17
VisualStudioVersion = 17.1.32319.34
MinimumVisualStudioVersion = 10.0.40219.1
Project("{9A19103F-16F7-4668-BE54-9A1E7A4F7556}") = "Adapter", "Adapter\Adapter.csproj", "{34B844DB-661E-46C6-960C-212A08B5E7BC}"
EndProject
Project("{9A19103F-16F7-4668-BE54-9A1E7A4F7556}") = "Facade", "Facade\Facade.csproj", "{ECDF2441-85B1-4153-BD61-A5F8661BD96B}"
EndProject
Project("{9A19103F-16F7-4668-BE54-9A1E7A4F7556}") = "Proxy", "Proxy\Proxy.csproj", "{165EB18E-9213-4E6F-AE94-3E7DE682495C}"
EndProject
Project("{2150E333-8FDC-42A3-9474-1A3956D46DE8}") = "Proxy.Pattern", "Proxy.Pattern", "{322016EB-73C8-412E-889F-4B91838E7AD2}"
EndProject
Project("{2150E333-8FDC-42A3-9474-1A3956D46DE8}") = "Adapter.Pattern", "Adapter.Pattern", "{5BE222C8-3FAB-4FA7-B149-221E3539A5CE}"
EndProject
Project("{2150E333-8FDC-42A3-9474-1A3956D46DE8}") = "Facade.Pattern", "Facade.Pattern", "{B32ED04A-E5E0-4852-A140-7BF6E8385704}"
EndProject
Project("{2150E333-8FDC-42A3-9474-1A3956D46DE8}") = "Decorator Pattern", "Decorator Pattern", "{DDDDBC82-B7AC-40C7-9D5E-AFFEB68A4221}"
EndProject
Project("{9A19103F-16F7-4668-BE54-9A1E7A4F7556}") = "Decorator", "Decorator\Decorator.csproj", "{54CA82D1-F51A-4833-8481-00267B126AD0}"
EndProject
Project("{2150E333-8FDC-42A3-9474-1A3956D46DE8}") = "Bridge.Pattern", "Bridge.Pattern", "{0B7088AA-814A-4979-BC31-0222B6FCD9B4}"
EndProject
Project("{FAE04EC0-301F-11D3-BF4B-00C04F79EFBC}") = "Bridge", "Bridge\Bridge.csproj", "{5CAB948C-ED65-49E7-A8FE-37488F1C9E64}"
EndProject
Project("{2150E333-8FDC-42A3-9474-1A3956D46DE8}") = "Composite.Pattern", "Composite.Pattern", "{824A9D90-86E8-4E4B-9C29-D006BCADB5BE}"
EndProject
Project("{FAE04EC0-301F-11D3-BF4B-00C04F79EFBC}") = "Composite", "Composite\Composite.csproj", "{600A74E6-E0D4-4C5D-9CEF-124DBE4B5727}"
EndProject
Global
	GlobalSection(SolutionConfigurationPlatforms) = preSolution
		Debug|Any CPU = Debug|Any CPU
		Release|Any CPU = Release|Any CPU
	EndGlobalSection
	GlobalSection(ProjectConfigurationPlatforms) = postSolution
		{34B844DB-661E-46C6-960C-212A08B5E7BC}.Debug|Any CPU.ActiveCfg = Debug|Any CPU
		{34B844DB-661E-46C6-960C-212A08B5E7BC}.Debug|Any CPU.Build.0 = Debug|Any CPU
		{34B844DB-661E-46C6-960C-212A08B5E7BC}.Release|Any CPU.ActiveCfg = Release|Any CPU
		{34B844DB-661E-46C6-960C-212A08B5E7BC}.Release|Any CPU.Build.0 = Release|Any CPU
		{ECDF2441-85B1-4153-BD61-A5F8661BD96B}.Debug|Any CPU.ActiveCfg = Debug|Any CPU
		{ECDF2441-85B1-4153-BD61-A5F8661BD96B}.Debug|Any CPU.Build.0 = Debug|Any CPU
		{ECDF2441-85B1-4153-BD61-A5F8661BD96B}.Release|Any CPU.ActiveCfg = Release|Any CPU
		{ECDF2441-85B1-4153-BD61-A5F8661BD96B}.Release|Any CPU.Build.0 = Release|Any CPU
		{165EB18E-9213-4E6F-AE94-3E7DE682495C}.Debug|Any CPU.ActiveCfg = Debug|Any CPU
		{165EB18E-9213-4E6F-AE94-3E7DE682495C}.Debug|Any CPU.Build.0 = Debug|Any CPU
		{165EB18E-9213-4E6F-AE94-3E7DE682495C}.Release|Any CPU.ActiveCfg = Release|Any CPU
		{165EB18E-9213-4E6F-AE94-3E7DE682495C}.Release|Any CPU.Build.0 = Release|Any CPU
		{54CA82D1-F51A-4833-8481-00267B126AD0}.Debug|Any CPU.ActiveCfg = Debug|Any CPU
		{54CA82D1-F51A-4833-8481-00267B126AD0}.Debug|Any CPU.Build.0 = Debug|Any CPU
		{54CA82D1-F51A-4833-8481-00267B126AD0}.Release|Any CPU.ActiveCfg = Release|Any CPU
		{54CA82D1-F51A-4833-8481-00267B126AD0}.Release|Any CPU.Build.0 = Release|Any CPU
		{5CAB948C-ED65-49E7-A8FE-37488F1C9E64}.Debug|Any CPU.ActiveCfg = Debug|Any CPU
		{5CAB948C-ED65-49E7-A8FE-37488F1C9E64}.Debug|Any CPU.Build.0 = Debug|Any CPU
		{5CAB948C-ED65-49E7-A8FE-37488F1C9E64}.Release|Any CPU.ActiveCfg = Release|Any CPU
		{5CAB948C-ED65-49E7-A8FE-37488F1C9E64}.Release|Any CPU.Build.0 = Release|Any CPU
		{600A74E6-E0D4-4C5D-9CEF-124DBE4B5727}.Debug|Any CPU.ActiveCfg = Debug|Any CPU
		{600A74E6-E0D4-4C5D-9CEF-124DBE4B5727}.Debug|Any CPU.Build.0 = Debug|Any CPU
		{600A74E6-E0D4-4C5D-9CEF-124DBE4B5727}.Release|Any CPU.ActiveCfg = Release|Any CPU
		{600A74E6-E0D4-4C5D-9CEF-124DBE4B5727}.Release|Any CPU.Build.0 = Release|Any CPU
	EndGlobalSection
	GlobalSection(SolutionProperties) = preSolution
		HideSolutionNode = FALSE
	EndGlobalSection
	GlobalSection(NestedProjects) = preSolution
		{34B844DB-661E-46C6-960C-212A08B5E7BC} = {5BE222C8-3FAB-4FA7-B149-221E3539A5CE}
		{ECDF2441-85B1-4153-BD61-A5F8661BD96B} = {B32ED04A-E5E0-4852-A140-7BF6E8385704}
		{165EB18E-9213-4E6F-AE94-3E7DE682495C} = {322016EB-73C8-412E-889F-4B91838E7AD2}
		{54CA82D1-F51A-4833-8481-00267B126AD0} = {DDDDBC82-B7AC-40C7-9D5E-AFFEB68A4221}
		{5CAB948C-ED65-49E7-A8FE-37488F1C9E64} = {0B7088AA-814A-4979-BC31-0222B6FCD9B4}
		{600A74E6-E0D4-4C5D-9CEF-124DBE4B5727} = {824A9D90-86E8-4E4B-9C29-D006BCADB5BE}
	EndGlobalSection
	GlobalSection(ExtensibilityGlobals) = postSolution
		SolutionGuid = {2EB60A6C-9EA6-437E-83F3-833537F94EA0}
	EndGlobalSection
EndGlobal
